github.com/hasanashik/dog v0.0.0-20250416055128-3f4fffacce9e h1:/u9OBlMbBKAUzYQeI9qYTIsnsa7e3h26AKiE4nVSuEI=
github.com/hasanashik/dog v0.0.0-20250416055128-3f4fffacce9e/go.mod h1:2CFHRBVGaT/Z5W8v0hl4rRWDqAvCUOgm+7yW4/bOOR8=
github.com/hasanashik/puppy v0.0.0-20250416060621-51d6589a546e h1:Ge0hb1raSTAmsP+ZtqMT17tyhlwhFZ/hnpJ1QErtsCI=
github.com/hasanashik/puppy v0.0.0-20250416060621-51d6589a546e/go.mod h1:NIM3YkFZB0adqsMCT32VrW37fUgGAPxVjS2Eat4hDbo=
